// !$*UTF8*$!
{
	archiveVersion = 1;
	classes = {
	};
	objectVersion = 46;
	objects = {

/* Begin PBXBuildFile section */
		1F8F95B490950718C1197A54 /* libPods-JustTest.a in Frameworks */ = {isa = PBXBuildFile; fileRef = 030B6AB7CAC3220FD0C11305 /* libPods-JustTest.a */; };
		4720F66C1D4EF35100E79967 /* id_1.png in Resources */ = {isa = PBXBuildFile; fileRef = 4720F6671D4EF35100E79967 /* id_1.png */; };
		4720F66D1D4EF35100E79967 /* id_2.png in Resources */ = {isa = PBXBuildFile; fileRef = 4720F6681D4EF35100E79967 /* id_2.png */; };
		4720F66E1D4EF35100E79967 /* id_3.png in Resources */ = {isa = PBXBuildFile; fileRef = 4720F6691D4EF35100E79967 /* id_3.png */; };
		4720F66F1D4EF35100E79967 /* id_4.png in Resources */ = {isa = PBXBuildFile; fileRef = 4720F66A1D4EF35100E79967 /* id_4.png */; };
		4720F6701D4EF35100E79967 /* id_5.png in Resources */ = {isa = PBXBuildFile; fileRef = 4720F66B1D4EF35100E79967 /* id_5.png */; };
		4720F6741D4F1D5D00E79967 /* MyViewController3.m in Sources */ = {isa = PBXBuildFile; fileRef = 4720F6731D4F1D5D00E79967 /* MyViewController3.m */; };
		4720F67A1D4F429500E79967 /* DragView.m in Sources */ = {isa = PBXBuildFile; fileRef = 4720F6791D4F429500E79967 /* DragView.m */; };
		4720F67D1D4F44E100E79967 /* DrugRemoveLabel.m in Sources */ = {isa = PBXBuildFile; fileRef = 4720F67C1D4F44E100E79967 /* DrugRemoveLabel.m */; };
		4794269B1D49FB5B00B06307 /* main.m in Sources */ = {isa = PBXBuildFile; fileRef = 4794269A1D49FB5B00B06307 /* main.m */; };
		4794269E1D49FB5B00B06307 /* AppDelegate.m in Sources */ = {isa = PBXBuildFile; fileRef = 4794269D1D49FB5B00B06307 /* AppDelegate.m */; };
		479426A11D49FB5B00B06307 /* MyViewController1.m in Sources */ = {isa = PBXBuildFile; fileRef = 479426A01D49FB5B00B06307 /* MyViewController1.m */; };
		479426A41D49FB5B00B06307 /* Main.storyboard in Resources */ = {isa = PBXBuildFile; fileRef = 479426A21D49FB5B00B06307 /* Main.storyboard */; };
		479426A61D49FB5C00B06307 /* Assets.xcassets in Resources */ = {isa = PBXBuildFile; fileRef = 479426A51D49FB5C00B06307 /* Assets.xcassets */; };
		479426A91D49FB5C00B06307 /* LaunchScreen.storyboard in Resources */ = {isa = PBXBuildFile; fileRef = 479426A71D49FB5C00B06307 /* LaunchScreen.storyboard */; };
		479426B11D49FB9900B06307 /* Launch Screen.storyboard in Resources */ = {isa = PBXBuildFile; fileRef = 479426B01D49FB9900B06307 /* Launch Screen.storyboard */; };
		479426B71D4A04DA00B06307 /* BezierView.m in Sources */ = {isa = PBXBuildFile; fileRef = 479426B61D4A04DA00B06307 /* BezierView.m */; };
		479426BC1D4B014000B06307 /* MyTableViewController.m in Sources */ = {isa = PBXBuildFile; fileRef = 479426BB1D4B014000B06307 /* MyTableViewController.m */; };
		479426C21D4B071700B06307 /* MyViewController2.m in Sources */ = {isa = PBXBuildFile; fileRef = 479426C11D4B071700B06307 /* MyViewController2.m */; };
		479426C51D4B2A5B00B06307 /* ProgressView.m in Sources */ = {isa = PBXBuildFile; fileRef = 479426C41D4B2A5B00B06307 /* ProgressView.m */; };
		47CF32371D5348FD003F8A77 /* TestView.m in Sources */ = {isa = PBXBuildFile; fileRef = 47CF32361D5348FD003F8A77 /* TestView.m */; };
		47EF7E521D54424900BFE299 /* Common.m in Sources */ = {isa = PBXBuildFile; fileRef = 47EF7E511D54424900BFE299 /* Common.m */; };
/* End PBXBuildFile section */

/* Begin PBXFileReference section */
		030B6AB7CAC3220FD0C11305 /* libPods-JustTest.a */ = {isa = PBXFileReference; explicitFileType = archive.ar; includeInIndex = 0; path = "libPods-JustTest.a"; sourceTree = BUILT_PRODUCTS_DIR; };
		4720F6671D4EF35100E79967 /* id_1.png */ = {isa = PBXFileReference; lastKnownFileType = image.png; path = id_1.png; sourceTree = "<group>"; };
		4720F6681D4EF35100E79967 /* id_2.png */ = {isa = PBXFileReference; lastKnownFileType = image.png; path = id_2.png; sourceTree = "<group>"; };
		4720F6691D4EF35100E79967 /* id_3.png */ = {isa = PBXFileReference; lastKnownFileType = image.png; path = id_3.png; sourceTree = "<group>"; };
		4720F66A1D4EF35100E79967 /* id_4.png */ = {isa = PBXFileReference; lastKnownFileType = image.png; path = id_4.png; sourceTree = "<group>"; };
		4720F66B1D4EF35100E79967 /* id_5.png */ = {isa = PBXFileReference; lastKnownFileType = image.png; path = id_5.png; sourceTree = "<group>"; };
		4720F6721D4F1D5D00E79967 /* MyViewController3.h */ = {isa = PBXFileReference; fileEncoding = 4; lastKnownFileType = sourcecode.c.h; path = MyViewController3.h; sourceTree = "<group>"; };
		4720F6731D4F1D5D00E79967 /* MyViewController3.m */ = {isa = PBXFileReference; fileEncoding = 4; lastKnownFileType = sourcecode.c.objc; path = MyViewController3.m; sourceTree = "<group>"; };
		4720F6781D4F429500E79967 /* DragView.h */ = {isa = PBXFileReference; fileEncoding = 4; lastKnownFileType = sourcecode.c.h; path = DragView.h; sourceTree = "<group>"; };
		4720F6791D4F429500E79967 /* DragView.m */ = {isa = PBXFileReference; fileEncoding = 4; lastKnownFileType = sourcecode.c.objc; path = DragView.m; sourceTree = "<group>"; };
		4720F67B1D4F44E100E79967 /* DrugRemoveLabel.h */ = {isa = PBXFileReference; fileEncoding = 4; lastKnownFileType = sourcecode.c.h; path = DrugRemoveLabel.h; sourceTree = "<group>"; };
		4720F67C1D4F44E100E79967 /* DrugRemoveLabel.m */ = {isa = PBXFileReference; fileEncoding = 4; lastKnownFileType = sourcecode.c.objc; path = DrugRemoveLabel.m; sourceTree = "<group>"; };
		479426961D49FB5B00B06307 /* JustTest.app */ = {isa = PBXFileReference; explicitFileType = wrapper.application; includeInIndex = 0; path = JustTest.app; sourceTree = BUILT_PRODUCTS_DIR; };
		4794269A1D49FB5B00B06307 /* main.m */ = {isa = PBXFileReference; lastKnownFileType = sourcecode.c.objc; path = main.m; sourceTree = "<group>"; };
		4794269C1D49FB5B00B06307 /* AppDelegate.h */ = {isa = PBXFileReference; lastKnownFileType = sourcecode.c.h; path = AppDelegate.h; sourceTree = "<group>"; };
		4794269D1D49FB5B00B06307 /* AppDelegate.m */ = {isa = PBXFileReference; lastKnownFileType = sourcecode.c.objc; path = AppDelegate.m; sourceTree = "<group>"; };
		4794269F1D49FB5B00B06307 /* MyViewController1.h */ = {isa = PBXFileReference; lastKnownFileType = sourcecode.c.h; path = MyViewController1.h; sourceTree = "<group>"; };
		479426A01D49FB5B00B06307 /* MyViewController1.m */ = {isa = PBXFileReference; lastKnownFileType = sourcecode.c.objc; path = MyViewController1.m; sourceTree = "<group>"; };
		479426A31D49FB5B00B06307 /* Base */ = {isa = PBXFileReference; lastKnownFileType = file.storyboard; name = Base; path = Base.lproj/Main.storyboard; sourceTree = "<group>"; };
		479426A51D49FB5C00B06307 /* Assets.xcassets */ = {isa = PBXFileReference; lastKnownFileType = folder.assetcatalog; path = Assets.xcassets; sourceTree = "<group>"; };
		479426A81D49FB5C00B06307 /* Base */ = {isa = PBXFileReference; lastKnownFileType = file.storyboard; name = Base; path = Base.lproj/LaunchScreen.storyboard; sourceTree = "<group>"; };
		479426AA1D49FB5C00B06307 /* Info.plist */ = {isa = PBXFileReference; lastKnownFileType = text.plist.xml; path = Info.plist; sourceTree = "<group>"; };
		479426B01D49FB9900B06307 /* Launch Screen.storyboard */ = {isa = PBXFileReference; fileEncoding = 4; lastKnownFileType = file.storyboard; path = "Launch Screen.storyboard"; sourceTree = "<group>"; };
		479426B51D4A04DA00B06307 /* BezierView.h */ = {isa = PBXFileReference; fileEncoding = 4; lastKnownFileType = sourcecode.c.h; path = BezierView.h; sourceTree = "<group>"; };
		479426B61D4A04DA00B06307 /* BezierView.m */ = {isa = PBXFileReference; fileEncoding = 4; lastKnownFileType = sourcecode.c.objc; path = BezierView.m; sourceTree = "<group>"; };
		479426BA1D4B014000B06307 /* MyTableViewController.h */ = {isa = PBXFileReference; fileEncoding = 4; lastKnownFileType = sourcecode.c.h; path = MyTableViewController.h; sourceTree = "<group>"; };
		479426BB1D4B014000B06307 /* MyTableViewController.m */ = {isa = PBXFileReference; fileEncoding = 4; lastKnownFileType = sourcecode.c.objc; path = MyTableViewController.m; sourceTree = "<group>"; };
		479426C01D4B071700B06307 /* MyViewController2.h */ = {isa = PBXFileReference; fileEncoding = 4; lastKnownFileType = sourcecode.c.h; path = MyViewController2.h; sourceTree = "<group>"; };
		479426C11D4B071700B06307 /* MyViewController2.m */ = {isa = PBXFileReference; fileEncoding = 4; lastKnownFileType = sourcecode.c.objc; path = MyViewController2.m; sourceTree = "<group>"; };
		479426C31D4B2A5B00B06307 /* ProgressView.h */ = {isa = PBXFileReference; fileEncoding = 4; lastKnownFileType = sourcecode.c.h; path = ProgressView.h; sourceTree = "<group>"; };
		479426C41D4B2A5B00B06307 /* ProgressView.m */ = {isa = PBXFileReference; fileEncoding = 4; lastKnownFileType = sourcecode.c.objc; path = ProgressView.m; sourceTree = "<group>"; };
		47CF32351D5348FD003F8A77 /* TestView.h */ = {isa = PBXFileReference; fileEncoding = 4; lastKnownFileType = sourcecode.c.h; path = TestView.h; sourceTree = "<group>"; };
		47CF32361D5348FD003F8A77 /* TestView.m */ = {isa = PBXFileReference; fileEncoding = 4; lastKnownFileType = sourcecode.c.objc; path = TestView.m; sourceTree = "<group>"; };
		47EF7E501D54424900BFE299 /* Common.h */ = {isa = PBXFileReference; fileEncoding = 4; lastKnownFileType = sourcecode.c.h; path = Common.h; sourceTree = "<group>"; };
		47EF7E511D54424900BFE299 /* Common.m */ = {isa = PBXFileReference; fileEncoding = 4; lastKnownFileType = sourcecode.c.objc; path = Common.m; sourceTree = "<group>"; };
		DC7F47E7717F4A5CBD6CB049 /* Pods-JustTest.debug.xcconfig */ = {isa = PBXFileReference; includeInIndex = 1; lastKnownFileType = text.xcconfig; name = "Pods-JustTest.debug.xcconfig"; path = "Pods/Target Support Files/Pods-JustTest/Pods-JustTest.debug.xcconfig"; sourceTree = "<group>"; };
		E6453E5C62C228BAC93C1C11 /* Pods-JustTest.release.xcconfig */ = {isa = PBXFileReference; includeInIndex = 1; lastKnownFileType = text.xcconfig; name = "Pods-JustTest.release.xcconfig"; path = "Pods/Target Support Files/Pods-JustTest/Pods-JustTest.release.xcconfig"; sourceTree = "<group>"; };
/* End PBXFileReference section */

/* Begin PBXFrameworksBuildPhase section */
		479426931D49FB5B00B06307 /* Frameworks */ = {
			isa = PBXFrameworksBuildPhase;
			buildActionMask = 2147483647;
			files = (
				1F8F95B490950718C1197A54 /* libPods-JustTest.a in Frameworks */,
			);
			runOnlyForDeploymentPostprocessing = 0;
		};
/* End PBXFrameworksBuildPhase section */

/* Begin PBXGroup section */
		4720F6711D4EF35600E79967 /* Animation */ = {
			isa = PBXGroup;
			children = (
				4720F6671D4EF35100E79967 /* id_1.png */,
				4720F6681D4EF35100E79967 /* id_2.png */,
				4720F6691D4EF35100E79967 /* id_3.png */,
				4720F66A1D4EF35100E79967 /* id_4.png */,
				4720F66B1D4EF35100E79967 /* id_5.png */,
			);
			name = Animation;
			sourceTree = "<group>";
		};
		4794268D1D49FB5B00B06307 = {
			isa = PBXGroup;
			children = (
				479426981D49FB5B00B06307 /* JustTest */,
				479426971D49FB5B00B06307 /* Products */,
				4D06CC793401CA00E09D87EC /* Pods */,
				5DD8403477FC5111FF03FA3C /* Frameworks */,
			);
			sourceTree = "<group>";
		};
		479426971D49FB5B00B06307 /* Products */ = {
			isa = PBXGroup;
			children = (
				479426961D49FB5B00B06307 /* JustTest.app */,
			);
			name = Products;
			sourceTree = "<group>";
		};
		479426981D49FB5B00B06307 /* JustTest */ = {
			isa = PBXGroup;
			children = (
				4794269C1D49FB5B00B06307 /* AppDelegate.h */,
				4794269D1D49FB5B00B06307 /* AppDelegate.m */,
				479426BA1D4B014000B06307 /* MyTableViewController.h */,
				479426BB1D4B014000B06307 /* MyTableViewController.m */,
				47EF7E501D54424900BFE299 /* Common.h */,
				47EF7E511D54424900BFE299 /* Common.m */,
				479426BD1D4B069D00B06307 /* 1 */,
				479426BF1D4B06B700B06307 /* 2 */,
				479426BE1D4B06AC00B06307 /* 3 */,
				4720F6781D4F429500E79967 /* DragView.h */,
				4720F6791D4F429500E79967 /* DragView.m */,
				479426991D49FB5B00B06307 /* Supporting Files */,
			);
			path = JustTest;
			sourceTree = "<group>";
		};
		479426991D49FB5B00B06307 /* Supporting Files */ = {
			isa = PBXGroup;
			children = (
				4720F6711D4EF35600E79967 /* Animation */,
				479426A21D49FB5B00B06307 /* Main.storyboard */,
				479426A51D49FB5C00B06307 /* Assets.xcassets */,
				479426A71D49FB5C00B06307 /* LaunchScreen.storyboard */,
				479426AA1D49FB5C00B06307 /* Info.plist */,
				479426B01D49FB9900B06307 /* Launch Screen.storyboard */,
				4794269A1D49FB5B00B06307 /* main.m */,
			);
			name = "Supporting Files";
			sourceTree = "<group>";
		};
		479426BD1D4B069D00B06307 /* 1 */ = {
			isa = PBXGroup;
			children = (
				4794269F1D49FB5B00B06307 /* MyViewController1.h */,
				479426A01D49FB5B00B06307 /* MyViewController1.m */,
				479426B51D4A04DA00B06307 /* BezierView.h */,
				479426B61D4A04DA00B06307 /* BezierView.m */,
				4720F67B1D4F44E100E79967 /* DrugRemoveLabel.h */,
				4720F67C1D4F44E100E79967 /* DrugRemoveLabel.m */,
			);
			name = 1;
			sourceTree = "<group>";
		};
		479426BE1D4B06AC00B06307 /* 3 */ = {
			isa = PBXGroup;
			children = (
				4720F6721D4F1D5D00E79967 /* MyViewController3.h */,
				4720F6731D4F1D5D00E79967 /* MyViewController3.m */,
				47CF32351D5348FD003F8A77 /* TestView.h */,
				47CF32361D5348FD003F8A77 /* TestView.m */,
			);
			name = 3;
			sourceTree = "<group>";
		};
		479426BF1D4B06B700B06307 /* 2 */ = {
			isa = PBXGroup;
			children = (
				479426C01D4B071700B06307 /* MyViewController2.h */,
				479426C11D4B071700B06307 /* MyViewController2.m */,
				479426C31D4B2A5B00B06307 /* ProgressView.h */,
				479426C41D4B2A5B00B06307 /* ProgressView.m */,
			);
			name = 2;
			sourceTree = "<group>";
		};
		4D06CC793401CA00E09D87EC /* Pods */ = {
			isa = PBXGroup;
			children = (
				DC7F47E7717F4A5CBD6CB049 /* Pods-JustTest.debug.xcconfig */,
				E6453E5C62C228BAC93C1C11 /* Pods-JustTest.release.xcconfig */,
			);
			name = Pods;
			sourceTree = "<group>";
		};
		5DD8403477FC5111FF03FA3C /* Frameworks */ = {
			isa = PBXGroup;
			children = (
				030B6AB7CAC3220FD0C11305 /* libPods-JustTest.a */,
			);
			name = Frameworks;
			sourceTree = "<group>";
		};
/* End PBXGroup section */

/* Begin PBXNativeTarget section */
		479426951D49FB5B00B06307 /* JustTest */ = {
			isa = PBXNativeTarget;
			buildConfigurationList = 479426AD1D49FB5C00B06307 /* Build configuration list for PBXNativeTarget "JustTest" */;
			buildPhases = (
				5CCE51C571B30EB148AC0CF2 /* [CP] Check Pods Manifest.lock */,
				479426921D49FB5B00B06307 /* Sources */,
				479426931D49FB5B00B06307 /* Frameworks */,
				479426941D49FB5B00B06307 /* Resources */,
				C91E0D880900D03DE3CAAFB8 /* [CP] Embed Pods Frameworks */,
				A50D1A49952AE0A8D1A30ED8 /* [CP] Copy Pods Resources */,
			);
			buildRules = (
			);
			dependencies = (
			);
			name = JustTest;
			productName = JustTest;
			productReference = 479426961D49FB5B00B06307 /* JustTest.app */;
			productType = "com.apple.product-type.application";
		};
/* End PBXNativeTarget section */

/* Begin PBXProject section */
		4794268E1D49FB5B00B06307 /* Project object */ = {
			isa = PBXProject;
			attributes = {
				LastUpgradeCheck = 0730;
				ORGANIZATIONNAME = HChong;
				TargetAttributes = {
					479426951D49FB5B00B06307 = {
						CreatedOnToolsVersion = 7.3;
					};
				};
			};
			buildConfigurationList = 479426911D49FB5B00B06307 /* Build configuration list for PBXProject "JustTest" */;
			compatibilityVersion = "Xcode 3.2";
			developmentRegion = English;
			hasScannedForEncodings = 0;
			knownRegions = (
				en,
				Base,
			);
			mainGroup = 4794268D1D49FB5B00B06307;
			productRefGroup = 479426971D49FB5B00B06307 /* Products */;
			projectDirPath = "";
			projectRoot = "";
			targets = (
				479426951D49FB5B00B06307 /* JustTest */,
			);
		};
/* End PBXProject section */

/* Begin PBXResourcesBuildPhase section */
		479426941D49FB5B00B06307 /* Resources */ = {
			isa = PBXResourcesBuildPhase;
			buildActionMask = 2147483647;
			files = (
				4720F66E1D4EF35100E79967 /* id_3.png in Resources */,
				479426A91D49FB5C00B06307 /* LaunchScreen.storyboard in Resources */,
				4720F6701D4EF35100E79967 /* id_5.png in Resources */,
				4720F66C1D4EF35100E79967 /* id_1.png in Resources */,
				4720F66F1D4EF35100E79967 /* id_4.png in Resources */,
				479426A61D49FB5C00B06307 /* Assets.xcassets in Resources */,
				479426B11D49FB9900B06307 /* Launch Screen.storyboard in Resources */,
				479426A41D49FB5B00B06307 /* Main.storyboard in Resources */,
				4720F66D1D4EF35100E79967 /* id_2.png in Resources */,
			);
			runOnlyForDeploymentPostprocessing = 0;
		};
/* End PBXResourcesBuildPhase section */

/* Begin PBXShellScriptBuildPhase section */
		5CCE51C571B30EB148AC0CF2 /* [CP] Check Pods Manifest.lock */ = {
			isa = PBXShellScriptBuildPhase;
			buildActionMask = 2147483647;
			files = (
			);
			inputPaths = (
			);
			name = "[CP] Check Pods Manifest.lock";
			outputPaths = (
			);
			runOnlyForDeploymentPostprocessing = 0;
			shellPath = /bin/sh;
			shellScript = "diff \"${PODS_ROOT}/../Podfile.lock\" \"${PODS_ROOT}/Manifest.lock\" > /dev/null\nif [ $? != 0 ] ; then\n    # print error to STDERR\n    echo \"error: The sandbox is not in sync with the Podfile.lock. Run 'pod install' or update your CocoaPods installation.\" >&2\n    exit 1\nfi\n";
			showEnvVarsInLog = 0;
		};
		A50D1A49952AE0A8D1A30ED8 /* [CP] Copy Pods Resources */ = {
			isa = PBXShellScriptBuildPhase;
			buildActionMask = 2147483647;
			files = (
			);
			inputPaths = (
			);
			name = "[CP] Copy Pods Resources";
			outputPaths = (
			);
			runOnlyForDeploymentPostprocessing = 0;
			shellPath = /bin/sh;
			shellScript = "\"${SRCROOT}/Pods/Target Support Files/Pods-JustTest/Pods-JustTest-resources.sh\"\n";
			showEnvVarsInLog = 0;
		};
		C91E0D880900D03DE3CAAFB8 /* [CP] Embed Pods Frameworks */ = {
			isa = PBXShellScriptBuildPhase;
			buildActionMask = 2147483647;
			files = (
			);
			inputPaths = (
			);
			name = "[CP] Embed Pods Frameworks";
			outputPaths = (
			);
			runOnlyForDeploymentPostprocessing = 0;
			shellPath = /bin/sh;
			shellScript = "\"${SRCROOT}/Pods/Target Support Files/Pods-JustTest/Pods-JustTest-frameworks.sh\"\n";
			showEnvVarsInLog = 0;
		};
/* End PBXShellScriptBuildPhase section */

/* Begin PBXSourcesBuildPhase section */
		479426921D49FB5B00B06307 /* Sources */ = {
			isa = PBXSourcesBuildPhase;
			buildActionMask = 2147483647;
			files = (
				47EF7E521D54424900BFE299 /* Common.m in Sources */,
				4720F67D1D4F44E100E79967 /* DrugRemoveLabel.m in Sources */,
				479426C51D4B2A5B00B06307 /* ProgressView.m in Sources */,
				4720F6741D4F1D5D00E79967 /* MyViewController3.m in Sources */,
				479426C21D4B071700B06307 /* MyViewController2.m in Sources */,
				479426BC1D4B014000B06307 /* MyTableViewController.m in Sources */,
				479426A11D49FB5B00B06307 /* MyViewController1.m in Sources */,
				47CF32371D5348FD003F8A77 /* TestView.m in Sources */,
				479426B71D4A04DA00B06307 /* BezierView.m in Sources */,
				4794269E1D49FB5B00B06307 /* AppDelegate.m in Sources */,
				4794269B1D49FB5B00B06307 /* main.m in Sources */,
				4720F67A1D4F429500E79967 /* DragView.m in Sources */,
			);
			runOnlyForDeploymentPostprocessing = 0;
		};
/* End PBXSourcesBuildPhase section */

/* Begin PBXVariantGroup section */
		479426A21D49FB5B00B06307 /* Main.storyboard */ = {
			isa = PBXVariantGroup;
			children = (
				479426A31D49FB5B00B06307 /* Base */,
			);
			name = Main.storyboard;
			sourceTree = "<group>";
		};
		479426A71D49FB5C00B06307 /* LaunchScreen.storyboard */ = {
			isa = PBXVariantGroup;
			children = (
				479426A81D49FB5C00B06307 /* Base */,
			);
			name = LaunchScreen.storyboard;
			sourceTree = "<group>";
		};
/* End PBXVariantGroup section */

/* Begin XCBuildConfiguration section */
		479426AB1D49FB5C00B06307 /* Debug */ = {
			isa = XCBuildConfiguration;
			buildSettings = {
				ALWAYS_SEARCH_USER_PATHS = NO;
				CLANG_ANALYZER_NONNULL = YES;
				CLANG_CXX_LANGUAGE_STANDARD = "gnu++0x";
				CLANG_CXX_LIBRARY = "libc++";
				CLANG_ENABLE_MODULES = YES;
				CLANG_ENABLE_OBJC_ARC = YES;
				CLANG_WARN_BOOL_CONVERSION = YES;
				CLANG_WARN_CONSTANT_CONVERSION = YES;
				CLANG_WARN_DIRECT_OBJC_ISA_USAGE = YES_ERROR;
				CLANG_WARN_EMPTY_BODY = YES;
				CLANG_WARN_ENUM_CONVERSION = YES;
				CLANG_WARN_INT_CONVERSION = YES;
				CLANG_WARN_OBJC_ROOT_CLASS = YES_ERROR;
				CLANG_WARN_UNREACHABLE_CODE = YES;
				CLANG_WARN__DUPLICATE_METHOD_MATCH = YES;
				"CODE_SIGN_IDENTITY[sdk=iphoneos*]" = "iPhone Developer";
				COPY_PHASE_STRIP = NO;
				DEBUG_INFORMATION_FORMAT = dwarf;
				ENABLE_STRICT_OBJC_MSGSEND = YES;
				ENABLE_TESTABILITY = YES;
				GCC_C_LANGUAGE_STANDARD = gnu99;
				GCC_DYNAMIC_NO_PIC = NO;
				GCC_NO_COMMON_BLOCKS = YES;
				GCC_OPTIMIZATION_LEVEL = 0;
				GCC_PREPROCESSOR_DEFINITIONS = (
					"DEBUG=1",
					"$(inherited)",
				);
				GCC_WARN_64_TO_32_BIT_CONVERSION = YES;
				GCC_WARN_ABOUT_RETURN_TYPE = YES_ERROR;
				GCC_WARN_UNDECLARED_SELECTOR = YES;
				GCC_WARN_UNINITIALIZED_AUTOS = YES_AGGRESSIVE;
				GCC_WARN_UNUSED_FUNCTION = YES;
				GCC_WARN_UNUSED_VARIABLE = YES;
				IPHONEOS_DEPLOYMENT_TARGET = 9.3;
				MTL_ENABLE_DEBUG_INFO = YES;
				ONLY_ACTIVE_ARCH = YES;
				SDKROOT = iphoneos;
				TARGETED_DEVICE_FAMILY = "1,2";
			};
			name = Debug;
		};
		479426AC1D49FB5C00B06307 /* Release */ = {
			isa = XCBuildConfiguration;
			buildSettings = {
				ALWAYS_SEARCH_USER_PATHS = NO;
				CLANG_ANALYZER_NONNULL = YES;
				CLANG_CXX_LANGUAGE_STANDARD = "gnu++0x";
				CLANG_CXX_LIBRARY = "libc++";
				CLANG_ENABLE_MODULES = YES;
				CLANG_ENABLE_OBJC_ARC = YES;
				CLANG_WARN_BOOL_CONVERSION = YES;
				CLANG_WARN_CONSTANT_CONVERSION = YES;
				CLANG_WARN_DIRECT_OBJC_ISA_USAGE = YES_ERROR;
				CLANG_WARN_EMPTY_BODY = YES;
				CLANG_WARN_ENUM_CONVERSION = YES;
				CLANG_WARN_INT_CONVERSION = YES;
				CLANG_WARN_OBJC_ROOT_CLASS = YES_ERROR;
				CLANG_WARN_UNREACHABLE_CODE = YES;
				CLANG_WARN__DUPLICATE_METHOD_MATCH = YES;
				"CODE_SIGN_IDENTITY[sdk=iphoneos*]" = "iPhone Developer";
				COPY_PHASE_STRIP = NO;
				DEBUG_INFORMATION_FORMAT = "dwarf-with-dsym";
				ENABLE_NS_ASSERTIONS = NO;
				ENABLE_STRICT_OBJC_MSGSEND = YES;
				GCC_C_LANGUAGE_STANDARD = gnu99;
				GCC_NO_COMMON_BLOCKS = YES;
				GCC_WARN_64_TO_32_BIT_CONVERSION = YES;
				GCC_WARN_ABOUT_RETURN_TYPE = YES_ERROR;
				GCC_WARN_UNDECLARED_SELECTOR = YES;
				GCC_WARN_UNINITIALIZED_AUTOS = YES_AGGRESSIVE;
				GCC_WARN_UNUSED_FUNCTION = YES;
				GCC_WARN_UNUSED_VARIABLE = YES;
				IPHONEOS_DEPLOYMENT_TARGET = 9.3;
				MTL_ENABLE_DEBUG_INFO = NO;
				SDKROOT = iphoneos;
				TARGETED_DEVICE_FAMILY = "1,2";
				VALIDATE_PRODUCT = YES;
			};
			name = Release;
		};
		479426AE1D49FB5C00B06307 /* Debug */ = {
			isa = XCBuildConfiguration;
			baseConfigurationReference = DC7F47E7717F4A5CBD6CB049 /* Pods-JustTest.debug.xcconfig */;
			buildSettings = {
				ASSETCATALOG_COMPILER_APPICON_NAME = AppIcon;
				INFOPLIST_FILE = JustTest/Info.plist;
				LD_RUNPATH_SEARCH_PATHS = "$(inherited) @executable_path/Frameworks";
				PRODUCT_BUNDLE_IDENTIFIER = com.HC.JustTest;
				PRODUCT_NAME = JustTest;
			};
			name = Debug;
		};
		479426AF1D49FB5C00B06307 /* Release */ = {
			isa = XCBuildConfiguration;
			baseConfigurationReference = E6453E5C62C228BAC93C1C11 /* Pods-JustTest.release.xcconfig */;
			buildSettings = {
				ASSETCATALOG_COMPILER_APPICON_NAME = AppIcon;
				INFOPLIST_FILE = JustTest/Info.plist;
				LD_RUNPATH_SEARCH_PATHS = "$(inherited) @executable_path/Frameworks";
				PRODUCT_BUNDLE_IDENTIFIER = com.HC.JustTest;
				PRODUCT_NAME = JustTest;
			};
			name = Release;
		};
/* End XCBuildConfiguration section */

/* Begin XCConfigurationList section */
		479426911D49FB5B00B06307 /* Build configuration list for PBXProject "JustTest" */ = {
			isa = XCConfigurationList;
			buildConfigurations = (
				479426AB1D49FB5C00B06307 /* Debug */,
				479426AC1D49FB5C00B06307 /* Release */,
			);
			defaultConfigurationIsVisible = 0;
			defaultConfigurationName = Release;
		};
		479426AD1D49FB5C00B06307 /* Build configuration list for PBXNativeTarget "JustTest" */ = {
			isa = XCConfigurationList;
			buildConfigurations = (
				479426AE1D49FB5C00B06307 /* Debug */,
				479426AF1D49FB5C00B06307 /* Release */,
			);
			defaultConfigurationIsVisible = 0;
			defaultConfigurationName = Release;
		};
/* End XCConfigurationList section */
	};
	rootObject = 4794268E1D49FB5B00B06307 /* Project object */;
}
